// !$*UTF8*$!
{
	archiveVersion = 1;
	classes = {
	};
	objectVersion = 56;
	objects = {

/* Begin PBXBuildFile section */
		1A5D147F2B5F562C00DE9749 /* MarketPlaceApp.swift in Sources */ = {isa = PBXBuildFile; fileRef = 1A5D147E2B5F562C00DE9749 /* MarketPlaceApp.swift */; };
		1A5D14832B5F562E00DE9749 /* Assets.xcassets in Resources */ = {isa = PBXBuildFile; fileRef = 1A5D14822B5F562E00DE9749 /* Assets.xcassets */; };
		1A5D14862B5F562E00DE9749 /* Preview Assets.xcassets in Resources */ = {isa = PBXBuildFile; fileRef = 1A5D14852B5F562E00DE9749 /* Preview Assets.xcassets */; };
		1A5D148D2B5F564F00DE9749 /* ItemView.swift in Sources */ = {isa = PBXBuildFile; fileRef = 1A5D148C2B5F564F00DE9749 /* ItemView.swift */; };
		1A5D14912B5F56B300DE9749 /* MarketPlaceView.swift in Sources */ = {isa = PBXBuildFile; fileRef = 1A5D14902B5F56B300DE9749 /* MarketPlaceView.swift */; };
		1A5D14932B5F589500DE9749 /* SliderView.swift in Sources */ = {isa = PBXBuildFile; fileRef = 1A5D14922B5F589500DE9749 /* SliderView.swift */; };
		1A5D14952B5F58EE00DE9749 /* MarketplaceScrollHelperView.swift in Sources */ = {isa = PBXBuildFile; fileRef = 1A5D14942B5F58EE00DE9749 /* MarketplaceScrollHelperView.swift */; };
		1A5D149A2B5F617700DE9749 /* Listings.swift in Sources */ = {isa = PBXBuildFile; fileRef = 1A5D14992B5F617700DE9749 /* Listings.swift */; };
		1A5D149C2B5F655F00DE9749 /* ItemDescriptionView.swift in Sources */ = {isa = PBXBuildFile; fileRef = 1A5D149B2B5F655F00DE9749 /* ItemDescriptionView.swift */; };
		1A760D812C0A53BE00B32A83 /* MarketPlaceViewModel.swift in Sources */ = {isa = PBXBuildFile; fileRef = 1A760D802C0A53BE00B32A83 /* MarketPlaceViewModel.swift */; };
		1A760D842C0F4C3500B32A83 /* Auth in Frameworks */ = {isa = PBXBuildFile; productRef = 1A760D832C0F4C3500B32A83 /* Auth */; };
		1A760D862C0F4C3500B32A83 /* Functions in Frameworks */ = {isa = PBXBuildFile; productRef = 1A760D852C0F4C3500B32A83 /* Functions */; };
		1A760D882C0F4C3500B32A83 /* PostgREST in Frameworks */ = {isa = PBXBuildFile; productRef = 1A760D872C0F4C3500B32A83 /* PostgREST */; };
		1A760D8A2C0F4C3500B32A83 /* Realtime in Frameworks */ = {isa = PBXBuildFile; productRef = 1A760D892C0F4C3500B32A83 /* Realtime */; };
		1A760D8C2C0F4C3500B32A83 /* Storage in Frameworks */ = {isa = PBXBuildFile; productRef = 1A760D8B2C0F4C3500B32A83 /* Storage */; };
		1A760D8E2C0F4C3500B32A83 /* Supabase in Frameworks */ = {isa = PBXBuildFile; productRef = 1A760D8D2C0F4C3500B32A83 /* Supabase */; };
		1A760D902C0F4C7100B32A83 /* Supabase.swift in Sources */ = {isa = PBXBuildFile; fileRef = 1A760D8F2C0F4C7100B32A83 /* Supabase.swift */; };
		1A760D942C0F54E400B32A83 /* SimpleListingView.swift in Sources */ = {isa = PBXBuildFile; fileRef = 1A760D932C0F54E400B32A83 /* SimpleListingView.swift */; };
		1A760D962C1212E300B32A83 /* MarketPlaceListing.swift in Sources */ = {isa = PBXBuildFile; fileRef = 1A760D952C1212E300B32A83 /* MarketPlaceListing.swift */; };
		1A760D982C1220EF00B32A83 /* MarketPlaceListingItemView.swift in Sources */ = {isa = PBXBuildFile; fileRef = 1A760D972C1220EE00B32A83 /* MarketPlaceListingItemView.swift */; };
		1A760D9A2C13873600B32A83 /* AddListingView.swift in Sources */ = {isa = PBXBuildFile; fileRef = 1A760D992C13873600B32A83 /* AddListingView.swift */; };
		1A760D9C2C1388DE00B32A83 /* ListingImage.swift in Sources */ = {isa = PBXBuildFile; fileRef = 1A760D9B2C1388DE00B32A83 /* ListingImage.swift */; };
/* End PBXBuildFile section */

/* Begin PBXFileReference section */
		1A5D147B2B5F562C00DE9749 /* MarketPlace.app */ = {isa = PBXFileReference; explicitFileType = wrapper.application; includeInIndex = 0; path = MarketPlace.app; sourceTree = BUILT_PRODUCTS_DIR; };
		1A5D147E2B5F562C00DE9749 /* MarketPlaceApp.swift */ = {isa = PBXFileReference; lastKnownFileType = sourcecode.swift; path = MarketPlaceApp.swift; sourceTree = "<group>"; };
		1A5D14822B5F562E00DE9749 /* Assets.xcassets */ = {isa = PBXFileReference; lastKnownFileType = folder.assetcatalog; path = Assets.xcassets; sourceTree = "<group>"; };
		1A5D14852B5F562E00DE9749 /* Preview Assets.xcassets */ = {isa = PBXFileReference; lastKnownFileType = folder.assetcatalog; path = "Preview Assets.xcassets"; sourceTree = "<group>"; };
		1A5D148C2B5F564F00DE9749 /* ItemView.swift */ = {isa = PBXFileReference; lastKnownFileType = sourcecode.swift; path = ItemView.swift; sourceTree = "<group>"; };
		1A5D14902B5F56B300DE9749 /* MarketPlaceView.swift */ = {isa = PBXFileReference; lastKnownFileType = sourcecode.swift; path = MarketPlaceView.swift; sourceTree = "<group>"; };
		1A5D14922B5F589500DE9749 /* SliderView.swift */ = {isa = PBXFileReference; lastKnownFileType = sourcecode.swift; path = SliderView.swift; sourceTree = "<group>"; };
		1A5D14942B5F58EE00DE9749 /* MarketplaceScrollHelperView.swift */ = {isa = PBXFileReference; lastKnownFileType = sourcecode.swift; path = MarketplaceScrollHelperView.swift; sourceTree = "<group>"; };
		1A5D14992B5F617700DE9749 /* Listings.swift */ = {isa = PBXFileReference; lastKnownFileType = sourcecode.swift; path = Listings.swift; sourceTree = "<group>"; };
		1A5D149B2B5F655F00DE9749 /* ItemDescriptionView.swift */ = {isa = PBXFileReference; lastKnownFileType = sourcecode.swift; path = ItemDescriptionView.swift; sourceTree = "<group>"; };
		1A760D802C0A53BE00B32A83 /* MarketPlaceViewModel.swift */ = {isa = PBXFileReference; lastKnownFileType = sourcecode.swift; path = MarketPlaceViewModel.swift; sourceTree = "<group>"; };
		1A760D8F2C0F4C7100B32A83 /* Supabase.swift */ = {isa = PBXFileReference; lastKnownFileType = sourcecode.swift; path = Supabase.swift; sourceTree = "<group>"; };
		1A760D932C0F54E400B32A83 /* SimpleListingView.swift */ = {isa = PBXFileReference; lastKnownFileType = sourcecode.swift; path = SimpleListingView.swift; sourceTree = "<group>"; };
		1A760D952C1212E300B32A83 /* MarketPlaceListing.swift */ = {isa = PBXFileReference; lastKnownFileType = sourcecode.swift; path = MarketPlaceListing.swift; sourceTree = "<group>"; };
		1A760D972C1220EE00B32A83 /* MarketPlaceListingItemView.swift */ = {isa = PBXFileReference; lastKnownFileType = sourcecode.swift; path = MarketPlaceListingItemView.swift; sourceTree = "<group>"; };
		1A760D992C13873600B32A83 /* AddListingView.swift */ = {isa = PBXFileReference; lastKnownFileType = sourcecode.swift; path = AddListingView.swift; sourceTree = "<group>"; };
		1A760D9B2C1388DE00B32A83 /* ListingImage.swift */ = {isa = PBXFileReference; lastKnownFileType = sourcecode.swift; path = ListingImage.swift; sourceTree = "<group>"; };
/* End PBXFileReference section */

/* Begin PBXFrameworksBuildPhase section */
		1A5D14782B5F562C00DE9749 /* Frameworks */ = {
			isa = PBXFrameworksBuildPhase;
			buildActionMask = 2147483647;
			files = (
				1A760D882C0F4C3500B32A83 /* PostgREST in Frameworks */,
				1A760D862C0F4C3500B32A83 /* Functions in Frameworks */,
				1A760D8E2C0F4C3500B32A83 /* Supabase in Frameworks */,
				1A760D842C0F4C3500B32A83 /* Auth in Frameworks */,
				1A760D8C2C0F4C3500B32A83 /* Storage in Frameworks */,
				1A760D8A2C0F4C3500B32A83 /* Realtime in Frameworks */,
			);
			runOnlyForDeploymentPostprocessing = 0;
		};
/* End PBXFrameworksBuildPhase section */

/* Begin PBXGroup section */
		1A5D14722B5F562C00DE9749 = {
			isa = PBXGroup;
			children = (
				1A5D147D2B5F562C00DE9749 /* MarketPlace */,
				1A5D147C2B5F562C00DE9749 /* Products */,
			);
			sourceTree = "<group>";
		};
		1A5D147C2B5F562C00DE9749 /* Products */ = {
			isa = PBXGroup;
			children = (
				1A5D147B2B5F562C00DE9749 /* MarketPlace.app */,
			);
			name = Products;
			sourceTree = "<group>";
		};
		1A5D147D2B5F562C00DE9749 /* MarketPlace */ = {
			isa = PBXGroup;
			children = (
				1A5D147E2B5F562C00DE9749 /* MarketPlaceApp.swift */,
				1A5D14982B5F608000DE9749 /* HelperViews */,
				1A5D148E2B5F566100DE9749 /* MainViews */,
				1A760D7F2C0A537600B32A83 /* ViewModels */,
				1A5D148F2B5F567200DE9749 /* Models */,
				1A5D14822B5F562E00DE9749 /* Assets.xcassets */,
				1A5D14842B5F562E00DE9749 /* Preview Content */,
			);
			path = MarketPlace;
			sourceTree = "<group>";
		};
		1A5D14842B5F562E00DE9749 /* Preview Content */ = {
			isa = PBXGroup;
			children = (
				1A5D14852B5F562E00DE9749 /* Preview Assets.xcassets */,
			);
			path = "Preview Content";
			sourceTree = "<group>";
		};
		1A5D148E2B5F566100DE9749 /* MainViews */ = {
			isa = PBXGroup;
			children = (
				1A5D14902B5F56B300DE9749 /* MarketPlaceView.swift */,
				1A760D932C0F54E400B32A83 /* SimpleListingView.swift */,
			);
			path = MainViews;
			sourceTree = "<group>";
		};
		1A5D148F2B5F567200DE9749 /* Models */ = {
			isa = PBXGroup;
			children = (
				1A5D14992B5F617700DE9749 /* Listings.swift */,
				1A760D8F2C0F4C7100B32A83 /* Supabase.swift */,
				1A760D952C1212E300B32A83 /* MarketPlaceListing.swift */,
				1A760D9B2C1388DE00B32A83 /* ListingImage.swift */,
			);
			path = Models;
			sourceTree = "<group>";
		};
		1A5D14982B5F608000DE9749 /* HelperViews */ = {
			isa = PBXGroup;
			children = (
				1A5D148C2B5F564F00DE9749 /* ItemView.swift */,
				1A5D14922B5F589500DE9749 /* SliderView.swift */,
				1A5D14942B5F58EE00DE9749 /* MarketplaceScrollHelperView.swift */,
				1A5D149B2B5F655F00DE9749 /* ItemDescriptionView.swift */,
				1A760D972C1220EE00B32A83 /* MarketPlaceListingItemView.swift */,
				1A760D992C13873600B32A83 /* AddListingView.swift */,
			);
			path = HelperViews;
			sourceTree = "<group>";
		};
		1A760D7F2C0A537600B32A83 /* ViewModels */ = {
			isa = PBXGroup;
			children = (
				1A760D802C0A53BE00B32A83 /* MarketPlaceViewModel.swift */,
			);
			path = ViewModels;
			sourceTree = "<group>";
		};
/* End PBXGroup section */

/* Begin PBXNativeTarget section */
		1A5D147A2B5F562C00DE9749 /* MarketPlace */ = {
			isa = PBXNativeTarget;
			buildConfigurationList = 1A5D14892B5F562E00DE9749 /* Build configuration list for PBXNativeTarget "MarketPlace" */;
			buildPhases = (
				1A5D14772B5F562C00DE9749 /* Sources */,
				1A5D14782B5F562C00DE9749 /* Frameworks */,
				1A5D14792B5F562C00DE9749 /* Resources */,
			);
			buildRules = (
			);
			dependencies = (
			);
			name = MarketPlace;
			packageProductDependencies = (
				1A760D832C0F4C3500B32A83 /* Auth */,
				1A760D852C0F4C3500B32A83 /* Functions */,
				1A760D872C0F4C3500B32A83 /* PostgREST */,
				1A760D892C0F4C3500B32A83 /* Realtime */,
				1A760D8B2C0F4C3500B32A83 /* Storage */,
				1A760D8D2C0F4C3500B32A83 /* Supabase */,
			);
			productName = MarketPlace;
			productReference = 1A5D147B2B5F562C00DE9749 /* MarketPlace.app */;
			productType = "com.apple.product-type.application";
		};
/* End PBXNativeTarget section */

/* Begin PBXProject section */
		1A5D14732B5F562C00DE9749 /* Project object */ = {
			isa = PBXProject;
			attributes = {
				BuildIndependentTargetsInParallel = 1;
				LastSwiftUpdateCheck = 1520;
				LastUpgradeCheck = 1520;
				TargetAttributes = {
					1A5D147A2B5F562C00DE9749 = {
						CreatedOnToolsVersion = 15.2;
					};
				};
			};
			buildConfigurationList = 1A5D14762B5F562C00DE9749 /* Build configuration list for PBXProject "MarketPlace" */;
			compatibilityVersion = "Xcode 14.0";
			developmentRegion = en;
			hasScannedForEncodings = 0;
			knownRegions = (
				en,
				Base,
			);
			mainGroup = 1A5D14722B5F562C00DE9749;
			packageReferences = (
				1A760D822C0F4C3500B32A83 /* XCRemoteSwiftPackageReference "supabase-swift" */,
			);
			productRefGroup = 1A5D147C2B5F562C00DE9749 /* Products */;
			projectDirPath = "";
			projectRoot = "";
			targets = (
				1A5D147A2B5F562C00DE9749 /* MarketPlace */,
			);
		};
/* End PBXProject section */

/* Begin PBXResourcesBuildPhase section */
		1A5D14792B5F562C00DE9749 /* Resources */ = {
			isa = PBXResourcesBuildPhase;
			buildActionMask = 2147483647;
			files = (
				1A5D14862B5F562E00DE9749 /* Preview Assets.xcassets in Resources */,
				1A5D14832B5F562E00DE9749 /* Assets.xcassets in Resources */,
			);
			runOnlyForDeploymentPostprocessing = 0;
		};
/* End PBXResourcesBuildPhase section */

/* Begin PBXSourcesBuildPhase section */
		1A5D14772B5F562C00DE9749 /* Sources */ = {
			isa = PBXSourcesBuildPhase;
			buildActionMask = 2147483647;
			files = (
				1A760D982C1220EF00B32A83 /* MarketPlaceListingItemView.swift in Sources */,
				1A5D149A2B5F617700DE9749 /* Listings.swift in Sources */,
				1A5D147F2B5F562C00DE9749 /* MarketPlaceApp.swift in Sources */,
				1A760D812C0A53BE00B32A83 /* MarketPlaceViewModel.swift in Sources */,
				1A5D149C2B5F655F00DE9749 /* ItemDescriptionView.swift in Sources */,
				1A760D902C0F4C7100B32A83 /* Supabase.swift in Sources */,
				1A5D14932B5F589500DE9749 /* SliderView.swift in Sources */,
				1A5D14952B5F58EE00DE9749 /* MarketplaceScrollHelperView.swift in Sources */,
				1A5D148D2B5F564F00DE9749 /* ItemView.swift in Sources */,
				1A760D9A2C13873600B32A83 /* AddListingView.swift in Sources */,
				1A760D9C2C1388DE00B32A83 /* ListingImage.swift in Sources */,
				1A760D942C0F54E400B32A83 /* SimpleListingView.swift in Sources */,
				1A760D962C1212E300B32A83 /* MarketPlaceListing.swift in Sources */,
				1A5D14912B5F56B300DE9749 /* MarketPlaceView.swift in Sources */,
			);
			runOnlyForDeploymentPostprocessing = 0;
		};
/* End PBXSourcesBuildPhase section */

/* Begin XCBuildConfiguration section */
		1A5D14872B5F562E00DE9749 /* Debug */ = {
			isa = XCBuildConfiguration;
			buildSettings = {
				ALWAYS_SEARCH_USER_PATHS = NO;
				ASSETCATALOG_COMPILER_GENERATE_SWIFT_ASSET_SYMBOL_EXTENSIONS = YES;
				CLANG_ANALYZER_NONNULL = YES;
				CLANG_ANALYZER_NUMBER_OBJECT_CONVERSION = YES_AGGRESSIVE;
				CLANG_CXX_LANGUAGE_STANDARD = "gnu++20";
				CLANG_ENABLE_MODULES = YES;
				CLANG_ENABLE_OBJC_ARC = YES;
				CLANG_ENABLE_OBJC_WEAK = YES;
				CLANG_WARN_BLOCK_CAPTURE_AUTORELEASING = YES;
				CLANG_WARN_BOOL_CONVERSION = YES;
				CLANG_WARN_COMMA = YES;
				CLANG_WARN_CONSTANT_CONVERSION = YES;
				CLANG_WARN_DEPRECATED_OBJC_IMPLEMENTATIONS = YES;
				CLANG_WARN_DIRECT_OBJC_ISA_USAGE = YES_ERROR;
				CLANG_WARN_DOCUMENTATION_COMMENTS = YES;
				CLANG_WARN_EMPTY_BODY = YES;
				CLANG_WARN_ENUM_CONVERSION = YES;
				CLANG_WARN_INFINITE_RECURSION = YES;
				CLANG_WARN_INT_CONVERSION = YES;
				CLANG_WARN_NON_LITERAL_NULL_CONVERSION = YES;
				CLANG_WARN_OBJC_IMPLICIT_RETAIN_SELF = YES;
				CLANG_WARN_OBJC_LITERAL_CONVERSION = YES;
				CLANG_WARN_OBJC_ROOT_CLASS = YES_ERROR;
				CLANG_WARN_QUOTED_INCLUDE_IN_FRAMEWORK_HEADER = YES;
				CLANG_WARN_RANGE_LOOP_ANALYSIS = YES;
				CLANG_WARN_STRICT_PROTOTYPES = YES;
				CLANG_WARN_SUSPICIOUS_MOVE = YES;
				CLANG_WARN_UNGUARDED_AVAILABILITY = YES_AGGRESSIVE;
				CLANG_WARN_UNREACHABLE_CODE = YES;
				CLANG_WARN__DUPLICATE_METHOD_MATCH = YES;
				COPY_PHASE_STRIP = NO;
				DEBUG_INFORMATION_FORMAT = dwarf;
				ENABLE_STRICT_OBJC_MSGSEND = YES;
				ENABLE_TESTABILITY = YES;
				ENABLE_USER_SCRIPT_SANDBOXING = YES;
				GCC_C_LANGUAGE_STANDARD = gnu17;
				GCC_DYNAMIC_NO_PIC = NO;
				GCC_NO_COMMON_BLOCKS = YES;
				GCC_OPTIMIZATION_LEVEL = 0;
				GCC_PREPROCESSOR_DEFINITIONS = (
					"DEBUG=1",
					"$(inherited)",
				);
				GCC_WARN_64_TO_32_BIT_CONVERSION = YES;
				GCC_WARN_ABOUT_RETURN_TYPE = YES_ERROR;
				GCC_WARN_UNDECLARED_SELECTOR = YES;
				GCC_WARN_UNINITIALIZED_AUTOS = YES_AGGRESSIVE;
				GCC_WARN_UNUSED_FUNCTION = YES;
				GCC_WARN_UNUSED_VARIABLE = YES;
				IPHONEOS_DEPLOYMENT_TARGET = 17.2;
				LOCALIZATION_PREFERS_STRING_CATALOGS = YES;
				MTL_ENABLE_DEBUG_INFO = INCLUDE_SOURCE;
				MTL_FAST_MATH = YES;
				ONLY_ACTIVE_ARCH = YES;
				SDKROOT = iphoneos;
				SWIFT_ACTIVE_COMPILATION_CONDITIONS = "DEBUG $(inherited)";
				SWIFT_OPTIMIZATION_LEVEL = "-Onone";
			};
			name = Debug;
		};
		1A5D14882B5F562E00DE9749 /* Release */ = {
			isa = XCBuildConfiguration;
			buildSettings = {
				ALWAYS_SEARCH_USER_PATHS = NO;
				ASSETCATALOG_COMPILER_GENERATE_SWIFT_ASSET_SYMBOL_EXTENSIONS = YES;
				CLANG_ANALYZER_NONNULL = YES;
				CLANG_ANALYZER_NUMBER_OBJECT_CONVERSION = YES_AGGRESSIVE;
				CLANG_CXX_LANGUAGE_STANDARD = "gnu++20";
				CLANG_ENABLE_MODULES = YES;
				CLANG_ENABLE_OBJC_ARC = YES;
				CLANG_ENABLE_OBJC_WEAK = YES;
				CLANG_WARN_BLOCK_CAPTURE_AUTORELEASING = YES;
				CLANG_WARN_BOOL_CONVERSION = YES;
				CLANG_WARN_COMMA = YES;
				CLANG_WARN_CONSTANT_CONVERSION = YES;
				CLANG_WARN_DEPRECATED_OBJC_IMPLEMENTATIONS = YES;
				CLANG_WARN_DIRECT_OBJC_ISA_USAGE = YES_ERROR;
				CLANG_WARN_DOCUMENTATION_COMMENTS = YES;
				CLANG_WARN_EMPTY_BODY = YES;
				CLANG_WARN_ENUM_CONVERSION = YES;
				CLANG_WARN_INFINITE_RECURSION = YES;
				CLANG_WARN_INT_CONVERSION = YES;
				CLANG_WARN_NON_LITERAL_NULL_CONVERSION = YES;
				CLANG_WARN_OBJC_IMPLICIT_RETAIN_SELF = YES;
				CLANG_WARN_OBJC_LITERAL_CONVERSION = YES;
				CLANG_WARN_OBJC_ROOT_CLASS = YES_ERROR;
				CLANG_WARN_QUOTED_INCLUDE_IN_FRAMEWORK_HEADER = YES;
				CLANG_WARN_RANGE_LOOP_ANALYSIS = YES;
				CLANG_WARN_STRICT_PROTOTYPES = YES;
				CLANG_WARN_SUSPICIOUS_MOVE = YES;
				CLANG_WARN_UNGUARDED_AVAILABILITY = YES_AGGRESSIVE;
				CLANG_WARN_UNREACHABLE_CODE = YES;
				CLANG_WARN__DUPLICATE_METHOD_MATCH = YES;
				COPY_PHASE_STRIP = NO;
				DEBUG_INFORMATION_FORMAT = "dwarf-with-dsym";
				ENABLE_NS_ASSERTIONS = NO;
				ENABLE_STRICT_OBJC_MSGSEND = YES;
				ENABLE_USER_SCRIPT_SANDBOXING = YES;
				GCC_C_LANGUAGE_STANDARD = gnu17;
				GCC_NO_COMMON_BLOCKS = YES;
				GCC_WARN_64_TO_32_BIT_CONVERSION = YES;
				GCC_WARN_ABOUT_RETURN_TYPE = YES_ERROR;
				GCC_WARN_UNDECLARED_SELECTOR = YES;
				GCC_WARN_UNINITIALIZED_AUTOS = YES_AGGRESSIVE;
				GCC_WARN_UNUSED_FUNCTION = YES;
				GCC_WARN_UNUSED_VARIABLE = YES;
				IPHONEOS_DEPLOYMENT_TARGET = 17.2;
				LOCALIZATION_PREFERS_STRING_CATALOGS = YES;
				MTL_ENABLE_DEBUG_INFO = NO;
				MTL_FAST_MATH = YES;
				SDKROOT = iphoneos;
				SWIFT_COMPILATION_MODE = wholemodule;
				VALIDATE_PRODUCT = YES;
			};
			name = Release;
		};
		1A5D148A2B5F562E00DE9749 /* Debug */ = {
			isa = XCBuildConfiguration;
			buildSettings = {
				ASSETCATALOG_COMPILER_APPICON_NAME = AppIcon;
				ASSETCATALOG_COMPILER_GLOBAL_ACCENT_COLOR_NAME = AccentColor;
				CODE_SIGN_STYLE = Automatic;
				CURRENT_PROJECT_VERSION = 1;
				DEVELOPMENT_ASSET_PATHS = "\"MarketPlace/Preview Content\"";
				DEVELOPMENT_TEAM = W8TA9CKCJ9;
				ENABLE_PREVIEWS = YES;
				GENERATE_INFOPLIST_FILE = YES;
				INFOPLIST_KEY_UIApplicationSceneManifest_Generation = YES;
				INFOPLIST_KEY_UIApplicationSupportsIndirectInputEvents = YES;
				INFOPLIST_KEY_UILaunchScreen_Generation = YES;
				INFOPLIST_KEY_UISupportedInterfaceOrientations_iPad = "UIInterfaceOrientationPortrait UIInterfaceOrientationPortraitUpsideDown UIInterfaceOrientationLandscapeLeft UIInterfaceOrientationLandscapeRight";
				INFOPLIST_KEY_UISupportedInterfaceOrientations_iPhone = "UIInterfaceOrientationPortrait UIInterfaceOrientationLandscapeLeft UIInterfaceOrientationLandscapeRight";
				LD_RUNPATH_SEARCH_PATHS = (
					"$(inherited)",
					"@executable_path/Frameworks",
				);
				MARKETING_VERSION = 1.0;
				PRODUCT_BUNDLE_IDENTIFIER = ca.benlavallee.MarketPlace;
				PRODUCT_NAME = "$(TARGET_NAME)";
				SWIFT_EMIT_LOC_STRINGS = YES;
				SWIFT_VERSION = 5.0;
				TARGETED_DEVICE_FAMILY = "1,2";
			};
			name = Debug;
		};
		1A5D148B2B5F562E00DE9749 /* Release */ = {
			isa = XCBuildConfiguration;
			buildSettings = {
				ASSETCATALOG_COMPILER_APPICON_NAME = AppIcon;
				ASSETCATALOG_COMPILER_GLOBAL_ACCENT_COLOR_NAME = AccentColor;
				CODE_SIGN_STYLE = Automatic;
				CURRENT_PROJECT_VERSION = 1;
				DEVELOPMENT_ASSET_PATHS = "\"MarketPlace/Preview Content\"";
				DEVELOPMENT_TEAM = W8TA9CKCJ9;
				ENABLE_PREVIEWS = YES;
				GENERATE_INFOPLIST_FILE = YES;
				INFOPLIST_KEY_UIApplicationSceneManifest_Generation = YES;
				INFOPLIST_KEY_UIApplicationSupportsIndirectInputEvents = YES;
				INFOPLIST_KEY_UILaunchScreen_Generation = YES;
				INFOPLIST_KEY_UISupportedInterfaceOrientations_iPad = "UIInterfaceOrientationPortrait UIInterfaceOrientationPortraitUpsideDown UIInterfaceOrientationLandscapeLeft UIInterfaceOrientationLandscapeRight";
				INFOPLIST_KEY_UISupportedInterfaceOrientations_iPhone = "UIInterfaceOrientationPortrait UIInterfaceOrientationLandscapeLeft UIInterfaceOrientationLandscapeRight";
				LD_RUNPATH_SEARCH_PATHS = (
					"$(inherited)",
					"@executable_path/Frameworks",
				);
				MARKETING_VERSION = 1.0;
				PRODUCT_BUNDLE_IDENTIFIER = ca.benlavallee.MarketPlace;
				PRODUCT_NAME = "$(TARGET_NAME)";
				SWIFT_EMIT_LOC_STRINGS = YES;
				SWIFT_VERSION = 5.0;
				TARGETED_DEVICE_FAMILY = "1,2";
			};
			name = Release;
		};
/* End XCBuildConfiguration section */

/* Begin XCConfigurationList section */
		1A5D14762B5F562C00DE9749 /* Build configuration list for PBXProject "MarketPlace" */ = {
			isa = XCConfigurationList;
			buildConfigurations = (
				1A5D14872B5F562E00DE9749 /* Debug */,
				1A5D14882B5F562E00DE9749 /* Release */,
			);
			defaultConfigurationIsVisible = 0;
			defaultConfigurationName = Release;
		};
		1A5D14892B5F562E00DE9749 /* Build configuration list for PBXNativeTarget "MarketPlace" */ = {
			isa = XCConfigurationList;
			buildConfigurations = (
				1A5D148A2B5F562E00DE9749 /* Debug */,
				1A5D148B2B5F562E00DE9749 /* Release */,
			);
			defaultConfigurationIsVisible = 0;
			defaultConfigurationName = Release;
		};
/* End XCConfigurationList section */

/* Begin XCRemoteSwiftPackageReference section */
		1A760D822C0F4C3500B32A83 /* XCRemoteSwiftPackageReference "supabase-swift" */ = {
			isa = XCRemoteSwiftPackageReference;
			repositoryURL = "https://github.com/supabase-community/supabase-swift";
			requirement = {
				kind = upToNextMajorVersion;
				minimumVersion = 2.5.1;
			};
		};
/* End XCRemoteSwiftPackageReference section */

/* Begin XCSwiftPackageProductDependency section */
		1A760D832C0F4C3500B32A83 /* Auth */ = {
			isa = XCSwiftPackageProductDependency;
			package = 1A760D822C0F4C3500B32A83 /* XCRemoteSwiftPackageReference "supabase-swift" */;
			productName = Auth;
		};
		1A760D852C0F4C3500B32A83 /* Functions */ = {
			isa = XCSwiftPackageProductDependency;
			package = 1A760D822C0F4C3500B32A83 /* XCRemoteSwiftPackageReference "supabase-swift" */;
			productName = Functions;
		};
		1A760D872C0F4C3500B32A83 /* PostgREST */ = {
			isa = XCSwiftPackageProductDependency;
			package = 1A760D822C0F4C3500B32A83 /* XCRemoteSwiftPackageReference "supabase-swift" */;
			productName = PostgREST;
		};
		1A760D892C0F4C3500B32A83 /* Realtime */ = {
			isa = XCSwiftPackageProductDependency;
			package = 1A760D822C0F4C3500B32A83 /* XCRemoteSwiftPackageReference "supabase-swift" */;
			productName = Realtime;
		};
		1A760D8B2C0F4C3500B32A83 /* Storage */ = {
			isa = XCSwiftPackageProductDependency;
			package = 1A760D822C0F4C3500B32A83 /* XCRemoteSwiftPackageReference "supabase-swift" */;
			productName = Storage;
		};
		1A760D8D2C0F4C3500B32A83 /* Supabase */ = {
			isa = XCSwiftPackageProductDependency;
			package = 1A760D822C0F4C3500B32A83 /* XCRemoteSwiftPackageReference "supabase-swift" */;
			productName = Supabase;
		};
/* End XCSwiftPackageProductDependency section */
	};
	rootObject = 1A5D14732B5F562C00DE9749 /* Project object */;
}
